
Microsoft Visual Studio Solution File, Format Version 12.00
# Visual Studio Version 16
VisualStudioVersion = 25.0.1700.6
MinimumVisualStudioVersion = 10.0.40219.1
Project("{FAE04EC0-301F-11D3-BF4B-00C04F79EFBC}") = "T10-Ejerciocio3", "T10-Ejerciocio3.csproj", "{632429CA-EFDF-44D0-9E28-5777D3F80FC4}"
EndProject
Global
	GlobalSection(SolutionConfigurationPlatforms) = preSolution
		Debug|Any CPU = Debug|Any CPU
		Release|Any CPU = Release|Any CPU
	EndGlobalSection
	GlobalSection(ProjectConfigurationPlatforms) = postSolution
		{632429CA-EFDF-44D0-9E28-5777D3F80FC4}.Debug|Any CPU.ActiveCfg = Debug|Any CPU
		{632429CA-EFDF-44D0-9E28-5777D3F80FC4}.Debug|Any CPU.Build.0 = Debug|Any CPU
		{632429CA-EFDF-44D0-9E28-5777D3F80FC4}.Release|Any CPU.ActiveCfg = Release|Any CPU
		{632429CA-EFDF-44D0-9E28-5777D3F80FC4}.Release|Any CPU.Build.0 = Release|Any CPU
	EndGlobalSection
	GlobalSection(SolutionProperties) = preSolution
		HideSolutionNode = FALSE
	EndGlobalSection
	GlobalSection(ExtensibilityGlobals) = postSolution
		SolutionGuid = {FE5F79C9-7B14-4C5C-959A-67E1045E331D}
	EndGlobalSection
EndGlobal
